// !$*UTF8*$!
{
	archiveVersion = 1;
	classes = {
	};
	objectVersion = 50;
	objects = {

/* Begin PBXBuildFile section */
		10CC885E228902FF00C41C50 /* AppDelegate.m in Sources */ = {isa = PBXBuildFile; fileRef = 10CC885D228902FF00C41C50 /* AppDelegate.m */; };
		10CC8861228902FF00C41C50 /* ViewController.m in Sources */ = {isa = PBXBuildFile; fileRef = 10CC8860228902FF00C41C50 /* ViewController.m */; };
		10CC8864228902FF00C41C50 /* Main.storyboard in Resources */ = {isa = PBXBuildFile; fileRef = 10CC8862228902FF00C41C50 /* Main.storyboard */; };
		10CC88662289030400C41C50 /* Assets.xcassets in Resources */ = {isa = PBXBuildFile; fileRef = 10CC88652289030400C41C50 /* Assets.xcassets */; };
		10CC88692289030400C41C50 /* LaunchScreen.storyboard in Resources */ = {isa = PBXBuildFile; fileRef = 10CC88672289030400C41C50 /* LaunchScreen.storyboard */; };
		10CC886C2289030400C41C50 /* main.m in Sources */ = {isa = PBXBuildFile; fileRef = 10CC886B2289030400C41C50 /* main.m */; };
		10CC88742289032700C41C50 /* BaseViewController.m in Sources */ = {isa = PBXBuildFile; fileRef = 10CC88732289032700C41C50 /* BaseViewController.m */; };
		10CC88772289033400C41C50 /* FirstViewController.m in Sources */ = {isa = PBXBuildFile; fileRef = 10CC88762289033400C41C50 /* FirstViewController.m */; };
/* End PBXBuildFile section */

/* Begin PBXFileReference section */
		10CC8859228902FF00C41C50 /* ScreenRotation.app */ = {isa = PBXFileReference; explicitFileType = wrapper.application; includeInIndex = 0; path = ScreenRotation.app; sourceTree = BUILT_PRODUCTS_DIR; };
		10CC885C228902FF00C41C50 /* AppDelegate.h */ = {isa = PBXFileReference; lastKnownFileType = sourcecode.c.h; path = AppDelegate.h; sourceTree = "<group>"; };
		10CC885D228902FF00C41C50 /* AppDelegate.m */ = {isa = PBXFileReference; lastKnownFileType = sourcecode.c.objc; path = AppDelegate.m; sourceTree = "<group>"; };
		10CC885F228902FF00C41C50 /* ViewController.h */ = {isa = PBXFileReference; lastKnownFileType = sourcecode.c.h; path = ViewController.h; sourceTree = "<group>"; };
		10CC8860228902FF00C41C50 /* ViewController.m */ = {isa = PBXFileReference; lastKnownFileType = sourcecode.c.objc; path = ViewController.m; sourceTree = "<group>"; };
		10CC8863228902FF00C41C50 /* Base */ = {isa = PBXFileReference; lastKnownFileType = file.storyboard; name = Base; path = Base.lproj/Main.storyboard; sourceTree = "<group>"; };
		10CC88652289030400C41C50 /* Assets.xcassets */ = {isa = PBXFileReference; lastKnownFileType = folder.assetcatalog; path = Assets.xcassets; sourceTree = "<group>"; };
		10CC88682289030400C41C50 /* Base */ = {isa = PBXFileReference; lastKnownFileType = file.storyboard; name = Base; path = Base.lproj/LaunchScreen.storyboard; sourceTree = "<group>"; };
		10CC886A2289030400C41C50 /* Info.plist */ = {isa = PBXFileReference; lastKnownFileType = text.plist.xml; path = Info.plist; sourceTree = "<group>"; };
		10CC886B2289030400C41C50 /* main.m */ = {isa = PBXFileReference; lastKnownFileType = sourcecode.c.objc; path = main.m; sourceTree = "<group>"; };
		10CC88722289032700C41C50 /* BaseViewController.h */ = {isa = PBXFileReference; lastKnownFileType = sourcecode.c.h; path = BaseViewController.h; sourceTree = "<group>"; };
		10CC88732289032700C41C50 /* BaseViewController.m */ = {isa = PBXFileReference; lastKnownFileType = sourcecode.c.objc; path = BaseViewController.m; sourceTree = "<group>"; };
		10CC88752289033400C41C50 /* FirstViewController.h */ = {isa = PBXFileReference; lastKnownFileType = sourcecode.c.h; path = FirstViewController.h; sourceTree = "<group>"; };
		10CC88762289033400C41C50 /* FirstViewController.m */ = {isa = PBXFileReference; lastKnownFileType = sourcecode.c.objc; path = FirstViewController.m; sourceTree = "<group>"; };
/* End PBXFileReference section */

/* Begin PBXFrameworksBuildPhase section */
		10CC8856228902FF00C41C50 /* Frameworks */ = {
			isa = PBXFrameworksBuildPhase;
			buildActionMask = 2147483647;
			files = (
			);
			runOnlyForDeploymentPostprocessing = 0;
		};
/* End PBXFrameworksBuildPhase section */

/* Begin PBXGroup section */
		10CC8850228902FE00C41C50 = {
			isa = PBXGroup;
			children = (
				10CC885B228902FF00C41C50 /* ScreenRotation */,
				10CC885A228902FF00C41C50 /* Products */,
			);
			sourceTree = "<group>";
		};
		10CC885A228902FF00C41C50 /* Products */ = {
			isa = PBXGroup;
			children = (
				10CC8859228902FF00C41C50 /* ScreenRotation.app */,
			);
			name = Products;
			sourceTree = "<group>";
		};
		10CC885B228902FF00C41C50 /* ScreenRotation */ = {
			isa = PBXGroup;
			children = (
				10CC885C228902FF00C41C50 /* AppDelegate.h */,
				10CC885D228902FF00C41C50 /* AppDelegate.m */,
				10CC88722289032700C41C50 /* BaseViewController.h */,
				10CC88732289032700C41C50 /* BaseViewController.m */,
				10CC88752289033400C41C50 /* FirstViewController.h */,
				10CC88762289033400C41C50 /* FirstViewController.m */,
				10CC885F228902FF00C41C50 /* ViewController.h */,
				10CC8860228902FF00C41C50 /* ViewController.m */,
				10CC8862228902FF00C41C50 /* Main.storyboard */,
				10CC88652289030400C41C50 /* Assets.xcassets */,
				10CC88672289030400C41C50 /* LaunchScreen.storyboard */,
				10CC886A2289030400C41C50 /* Info.plist */,
				10CC886B2289030400C41C50 /* main.m */,
			);
			path = ScreenRotation;
			sourceTree = "<group>";
		};
/* End PBXGroup section */

/* Begin PBXNativeTarget section */
		10CC8858228902FF00C41C50 /* ScreenRotation */ = {
			isa = PBXNativeTarget;
			buildConfigurationList = 10CC886F2289030400C41C50 /* Build configuration list for PBXNativeTarget "ScreenRotation" */;
			buildPhases = (
				10CC8855228902FF00C41C50 /* Sources */,
				10CC8856228902FF00C41C50 /* Frameworks */,
				10CC8857228902FF00C41C50 /* Resources */,
			);
			buildRules = (
			);
			dependencies = (
			);
			name = ScreenRotation;
			productName = ScreenRotation;
			productReference = 10CC8859228902FF00C41C50 /* ScreenRotation.app */;
			productType = "com.apple.product-type.application";
		};
/* End PBXNativeTarget section */

/* Begin PBXProject section */
		10CC8851228902FE00C41C50 /* Project object */ = {
			isa = PBXProject;
			attributes = {
				LastUpgradeCheck = 1020;
				ORGANIZATIONNAME = ac;
				TargetAttributes = {
					10CC8858228902FF00C41C50 = {
						CreatedOnToolsVersion = 10.2;
					};
				};
			};
			buildConfigurationList = 10CC8854228902FE00C41C50 /* Build configuration list for PBXProject "ScreenRotation" */;
			compatibilityVersion = "Xcode 9.3";
			developmentRegion = en;
			hasScannedForEncodings = 0;
			knownRegions = (
				en,
				Base,
			);
			mainGroup = 10CC8850228902FE00C41C50;
			productRefGroup = 10CC885A228902FF00C41C50 /* Products */;
			projectDirPath = "";
			projectRoot = "";
			targets = (
				10CC8858228902FF00C41C50 /* ScreenRotation */,
			);
		};
/* End PBXProject section */

/* Begin PBXResourcesBuildPhase section */
		10CC8857228902FF00C41C50 /* Resources */ = {
			isa = PBXResourcesBuildPhase;
			buildActionMask = 2147483647;
			files = (
				10CC88692289030400C41C50 /* LaunchScreen.storyboard in Resources */,
				10CC88662289030400C41C50 /* Assets.xcassets in Resources */,
				10CC8864228902FF00C41C50 /* Main.storyboard in Resources */,
			);
			runOnlyForDeploymentPostprocessing = 0;
		};
/* End PBXResourcesBuildPhase section */

/* Begin PBXSourcesBuildPhase section */
		10CC8855228902FF00C41C50 /* Sources */ = {
			isa = PBXSourcesBuildPhase;
			buildActionMask = 2147483647;
			files = (
				10CC8861228902FF00C41C50 /* ViewController.m in Sources */,
				10CC88742289032700C41C50 /* BaseViewController.m in Sources */,
				10CC88772289033400C41C50 /* FirstViewController.m in Sources */,
				10CC886C2289030400C41C50 /* main.m in Sources */,
				10CC885E228902FF00C41C50 /* AppDelegate.m in Sources */,
			);
			runOnlyForDeploymentPostprocessing = 0;
		};
/* End PBXSourcesBuildPhase section */

/* Begin PBXVariantGroup section */
		10CC8862228902FF00C41C50 /* Main.storyboard */ = {
			isa = PBXVariantGroup;
			children = (
				10CC8863228902FF00C41C50 /* Base */,
			);
			name = Main.storyboard;
			sourceTree = "<group>";
		};
		10CC88672289030400C41C50 /* LaunchScreen.storyboard */ = {
			isa = PBXVariantGroup;
			children = (
				10CC88682289030400C41C50 /* Base */,
			);
			name = LaunchScreen.storyboard;
			sourceTree = "<group>";
		};
/* End PBXVariantGroup section */

/* Begin XCBuildConfiguration section */
		10CC886D2289030400C41C50 /* Debug */ = {
			isa = XCBuildConfiguration;
			buildSettings = {
				ALWAYS_SEARCH_USER_PATHS = NO;
				CLANG_ANALYZER_NONNULL = YES;
				CLANG_ANALYZER_NUMBER_OBJECT_CONVERSION = YES_AGGRESSIVE;
				CLANG_CXX_LANGUAGE_STANDARD = "gnu++14";
				CLANG_CXX_LIBRARY = "libc++";
				CLANG_ENABLE_MODULES = YES;
				CLANG_ENABLE_OBJC_ARC = YES;
				CLANG_ENABLE_OBJC_WEAK = YES;
				CLANG_WARN_BLOCK_CAPTURE_AUTORELEASING = YES;
				CLANG_WARN_BOOL_CONVERSION = YES;
				CLANG_WARN_COMMA = YES;
				CLANG_WARN_CONSTANT_CONVERSION = YES;
				CLANG_WARN_DEPRECATED_OBJC_IMPLEMENTATIONS = YES;
				CLANG_WARN_DIRECT_OBJC_ISA_USAGE = YES_ERROR;
				CLANG_WARN_DOCUMENTATION_COMMENTS = YES;
				CLANG_WARN_EMPTY_BODY = YES;
				CLANG_WARN_ENUM_CONVERSION = YES;
				CLANG_WARN_INFINITE_RECURSION = YES;
				CLANG_WARN_INT_CONVERSION = YES;
				CLANG_WARN_NON_LITERAL_NULL_CONVERSION = YES;
				CLANG_WARN_OBJC_IMPLICIT_RETAIN_SELF = YES;
				CLANG_WARN_OBJC_LITERAL_CONVERSION = YES;
				CLANG_WARN_OBJC_ROOT_CLASS = YES_ERROR;
				CLANG_WARN_RANGE_LOOP_ANALYSIS = YES;
				CLANG_WARN_STRICT_PROTOTYPES = YES;
				CLANG_WARN_SUSPICIOUS_MOVE = YES;
				CLANG_WARN_UNGUARDED_AVAILABILITY = YES_AGGRESSIVE;
				CLANG_WARN_UNREACHABLE_CODE = YES;
				CLANG_WARN__DUPLICATE_METHOD_MATCH = YES;
				CODE_SIGN_IDENTITY = "iPhone Developer";
				COPY_PHASE_STRIP = NO;
				DEBUG_INFORMATION_FORMAT = dwarf;
				ENABLE_STRICT_OBJC_MSGSEND = YES;
				ENABLE_TESTABILITY = YES;
				GCC_C_LANGUAGE_STANDARD = gnu11;
				GCC_DYNAMIC_NO_PIC = NO;
				GCC_NO_COMMON_BLOCKS = YES;
				GCC_OPTIMIZATION_LEVEL = 0;
				GCC_PREPROCESSOR_DEFINITIONS = (
					"DEBUG=1",
					"$(inherited)",
				);
				GCC_WARN_64_TO_32_BIT_CONVERSION = YES;
				GCC_WARN_ABOUT_RETURN_TYPE = YES_ERROR;
				GCC_WARN_UNDECLARED_SELECTOR = YES;
				GCC_WARN_UNINITIALIZED_AUTOS = YES_AGGRESSIVE;
				GCC_WARN_UNUSED_FUNCTION = YES;
				GCC_WARN_UNUSED_VARIABLE = YES;
				IPHONEOS_DEPLOYMENT_TARGET = 12.2;
				MTL_ENABLE_DEBUG_INFO = INCLUDE_SOURCE;
				MTL_FAST_MATH = YES;
				ONLY_ACTIVE_ARCH = YES;
				SDKROOT = iphoneos;
			};
			name = Debug;
		};
		10CC886E2289030400C41C50 /* Release */ = {
			isa = XCBuildConfiguration;
			buildSettings = {
				ALWAYS_SEARCH_USER_PATHS = NO;
				CLANG_ANALYZER_NONNULL = YES;
				CLANG_ANALYZER_NUMBER_OBJECT_CONVERSION = YES_AGGRESSIVE;
				CLANG_CXX_LANGUAGE_STANDARD = "gnu++14";
				CLANG_CXX_LIBRARY = "libc++";
				CLANG_ENABLE_MODULES = YES;
				CLANG_ENABLE_OBJC_ARC = YES;
				CLANG_ENABLE_OBJC_WEAK = YES;
				CLANG_WARN_BLOCK_CAPTURE_AUTORELEASING = YES;
				CLANG_WARN_BOOL_CONVERSION = YES;
				CLANG_WARN_COMMA = YES;
				CLANG_WARN_CONSTANT_CONVERSION = YES;
				CLANG_WARN_DEPRECATED_OBJC_IMPLEMENTATIONS = YES;
				CLANG_WARN_DIRECT_OBJC_ISA_USAGE = YES_ERROR;
				CLANG_WARN_DOCUMENTATION_COMMENTS = YES;
				CLANG_WARN_EMPTY_BODY = YES;
				CLANG_WARN_ENUM_CONVERSION = YES;
				CLANG_WARN_INFINITE_RECURSION = YES;
				CLANG_WARN_INT_CONVERSION = YES;
				CLANG_WARN_NON_LITERAL_NULL_CONVERSION = YES;
				CLANG_WARN_OBJC_IMPLICIT_RETAIN_SELF = YES;
				CLANG_WARN_OBJC_LITERAL_CONVERSION = YES;
				CLANG_WARN_OBJC_ROOT_CLASS = YES_ERROR;
				CLANG_WARN_RANGE_LOOP_ANALYSIS = YES;
				CLANG_WARN_STRICT_PROTOTYPES = YES;
				CLANG_WARN_SUSPICIOUS_MOVE = YES;
				CLANG_WARN_UNGUARDED_AVAILABILITY = YES_AGGRESSIVE;
				CLANG_WARN_UNREACHABLE_CODE = YES;
				CLANG_WARN__DUPLICATE_METHOD_MATCH = YES;
				CODE_SIGN_IDENTITY = "iPhone Developer";
				COPY_PHASE_STRIP = NO;
				DEBUG_INFORMATION_FORMAT = "dwarf-with-dsym";
				ENABLE_NS_ASSERTIONS = NO;
				ENABLE_STRICT_OBJC_MSGSEND = YES;
				GCC_C_LANGUAGE_STANDARD = gnu11;
				GCC_NO_COMMON_BLOCKS = YES;
				GCC_WARN_64_TO_32_BIT_CONVERSION = YES;
				GCC_WARN_ABOUT_RETURN_TYPE = YES_ERROR;
				GCC_WARN_UNDECLARED_SELECTOR = YES;
				GCC_WARN_UNINITIALIZED_AUTOS = YES_AGGRESSIVE;
				GCC_WARN_UNUSED_FUNCTION = YES;
				GCC_WARN_UNUSED_VARIABLE = YES;
				IPHONEOS_DEPLOYMENT_TARGET = 12.2;
				MTL_ENABLE_DEBUG_INFO = NO;
				MTL_FAST_MATH = YES;
				SDKROOT = iphoneos;
				VALIDATE_PRODUCT = YES;
			};
			name = Release;
		};
		10CC88702289030400C41C50 /* Debug */ = {
			isa = XCBuildConfiguration;
			buildSettings = {
				ASSETCATALOG_COMPILER_APPICON_NAME = AppIcon;
				CODE_SIGN_STYLE = Automatic;
				DEVELOPMENT_TEAM = SY5HL898B4;
				INFOPLIST_FILE = ScreenRotation/Info.plist;
				IPHONEOS_DEPLOYMENT_TARGET = 10.0;
				LD_RUNPATH_SEARCH_PATHS = (
					"$(inherited)",
					"@executable_path/Frameworks",
				);
				PRODUCT_BUNDLE_IDENTIFIER = com.ac.ScreenRotation;
				PRODUCT_NAME = "$(TARGET_NAME)";
				TARGETED_DEVICE_FAMILY = "1,2";
			};
			name = Debug;
		};
		10CC88712289030400C41C50 /* Release */ = {
			isa = XCBuildConfiguration;
			buildSettings = {
				ASSETCATALOG_COMPILER_APPICON_NAME = AppIcon;
				CODE_SIGN_STYLE = Automatic;
				DEVELOPMENT_TEAM = SY5HL898B4;
				INFOPLIST_FILE = ScreenRotation/Info.plist;
				IPHONEOS_DEPLOYMENT_TARGET = 10.0;
				LD_RUNPATH_SEARCH_PATHS = (
					"$(inherited)",
					"@executable_path/Frameworks",
				);
				PRODUCT_BUNDLE_IDENTIFIER = com.ac.ScreenRotation;
				PRODUCT_NAME = "$(TARGET_NAME)";
				TARGETED_DEVICE_FAMILY = "1,2";
			};
			name = Release;
		};
/* End XCBuildConfiguration section */

/* Begin XCConfigurationList section */
		10CC8854228902FE00C41C50 /* Build configuration list for PBXProject "ScreenRotation" */ = {
			isa = XCConfigurationList;
			buildConfigurations = (
				10CC886D2289030400C41C50 /* Debug */,
				10CC886E2289030400C41C50 /* Release */,
			);
			defaultConfigurationIsVisible = 0;
			defaultConfigurationName = Release;
		};
		10CC886F2289030400C41C50 /* Build configuration list for PBXNativeTarget "ScreenRotation" */ = {
			isa = XCConfigurationList;
			buildConfigurations = (
				10CC88702289030400C41C50 /* Debug */,
				10CC88712289030400C41C50 /* Release */,
			);
			defaultConfigurationIsVisible = 0;
			defaultConfigurationName = Release;
		};
/* End XCConfigurationList section */
	};
	rootObject = 10CC8851228902FE00C41C50 /* Project object */;
}
